
Microsoft Visual Studio Solution File, Format Version 12.00
# Visual Studio Version 16
VisualStudioVersion = 16.0.29215.179
MinimumVisualStudioVersion = 10.0.40219.1
Project("{FAE04EC0-301F-11D3-BF4B-00C04F79EFBC}") = "StarBucks", "StarBucks\StarBucks.csproj", "{089DBF76-FAB6-442A-AD17-1468B058C495}"
EndProject
Project("{FAE04EC0-301F-11D3-BF4B-00C04F79EFBC}") = "StarBucks.Core", "StarBucks.Core\StarBucks.Core.csproj", "{8541D9F7-217C-4BE4-A189-5BCC00646C6B}"
EndProject
Global
	GlobalSection(SolutionConfigurationPlatforms) = preSolution
		Debug|Any CPU = Debug|Any CPU
		Release|Any CPU = Release|Any CPU
	EndGlobalSection
	GlobalSection(ProjectConfigurationPlatforms) = postSolution
		{089DBF76-FAB6-442A-AD17-1468B058C495}.Debug|Any CPU.ActiveCfg = Debug|Any CPU
		{089DBF76-FAB6-442A-AD17-1468B058C495}.Debug|Any CPU.Build.0 = Debug|Any CPU
		{089DBF76-FAB6-442A-AD17-1468B058C495}.Release|Any CPU.ActiveCfg = Release|Any CPU
		{089DBF76-FAB6-442A-AD17-1468B058C495}.Release|Any CPU.Build.0 = Release|Any CPU
		{8541D9F7-217C-4BE4-A189-5BCC00646C6B}.Debug|Any CPU.ActiveCfg = Debug|Any CPU
		{8541D9F7-217C-4BE4-A189-5BCC00646C6B}.Debug|Any CPU.Build.0 = Debug|Any CPU
		{8541D9F7-217C-4BE4-A189-5BCC00646C6B}.Release|Any CPU.ActiveCfg = Release|Any CPU
		{8541D9F7-217C-4BE4-A189-5BCC00646C6B}.Release|Any CPU.Build.0 = Release|Any CPU
	EndGlobalSection
	GlobalSection(SolutionProperties) = preSolution
		HideSolutionNode = FALSE
	EndGlobalSection
	GlobalSection(ExtensibilityGlobals) = postSolution
		SolutionGuid = {E77445D2-7881-4F62-8411-9E7C7A411EB2}
	EndGlobalSection
EndGlobal
